
Microsoft Visual Studio Solution File, Format Version 12.00
# Visual Studio Version 17
VisualStudioVersion = 17.13.35806.99
MinimumVisualStudioVersion = 10.0.40219.1
Project("{FAE04EC0-301F-11D3-BF4B-00C04F79EFBC}") = "BookingServiceProvider", "BookingServiceProvider\BookingServiceProvider.csproj", "{EF0253DB-51C6-4364-82BD-199AE2EB1264}"
EndProject
Project("{FAE04EC0-301F-11D3-BF4B-00C04F79EFBC}") = "BookingServiceProvider.Tests", "BookingServiceProvider.Tests\BookingServiceProvider.Tests.csproj", "{3456919C-3A7D-49E0-AD48-C6F1B7B2F464}"
EndProject
Global
	GlobalSection(SolutionConfigurationPlatforms) = preSolution
		Debug|Any CPU = Debug|Any CPU
		Release|Any CPU = Release|Any CPU
	EndGlobalSection
	GlobalSection(ProjectConfigurationPlatforms) = postSolution
		{EF0253DB-51C6-4364-82BD-199AE2EB1264}.Debug|Any CPU.ActiveCfg = Debug|Any CPU
		{EF0253DB-51C6-4364-82BD-199AE2EB1264}.Debug|Any CPU.Build.0 = Debug|Any CPU
		{EF0253DB-51C6-4364-82BD-199AE2EB1264}.Release|Any CPU.ActiveCfg = Release|Any CPU
		{EF0253DB-51C6-4364-82BD-199AE2EB1264}.Release|Any CPU.Build.0 = Release|Any CPU
		{3456919C-3A7D-49E0-AD48-C6F1B7B2F464}.Debug|Any CPU.ActiveCfg = Debug|Any CPU
		{3456919C-3A7D-49E0-AD48-C6F1B7B2F464}.Debug|Any CPU.Build.0 = Debug|Any CPU
		{3456919C-3A7D-49E0-AD48-C6F1B7B2F464}.Release|Any CPU.ActiveCfg = Release|Any CPU
		{3456919C-3A7D-49E0-AD48-C6F1B7B2F464}.Release|Any CPU.Build.0 = Release|Any CPU
	EndGlobalSection
	GlobalSection(SolutionProperties) = preSolution
		HideSolutionNode = FALSE
	EndGlobalSection
	GlobalSection(ExtensibilityGlobals) = postSolution
		SolutionGuid = {97835CB7-C6B6-4ED8-9364-FCEA74C324F2}
	EndGlobalSection
EndGlobal
